
Microsoft Visual Studio Solution File, Format Version 12.00
# Visual Studio 15
VisualStudioVersion = 15.0.26228.4
MinimumVisualStudioVersion = 10.0.40219.1
Project("{FAE04EC0-301F-11D3-BF4B-00C04F79EFBC}") = "CaiNiaoMiandan", "CaiNiaoMiandan\CaiNiaoMiandan.csproj", "{2BF51E00-A7FC-4879-A77F-FDBB13ED3A17}"
EndProject
Project("{FAE04EC0-301F-11D3-BF4B-00C04F79EFBC}") = "MianDanService", "MianDanService\MianDanService.csproj", "{6BF36DA7-3608-41F1-A65E-8187DE3B4F04}"
EndProject
Global
	GlobalSection(SolutionConfigurationPlatforms) = preSolution
		Debug|Any CPU = Debug|Any CPU
		Release|Any CPU = Release|Any CPU
	EndGlobalSection
	GlobalSection(ProjectConfigurationPlatforms) = postSolution
		{2BF51E00-A7FC-4879-A77F-FDBB13ED3A17}.Debug|Any CPU.ActiveCfg = Debug|Any CPU
		{2BF51E00-A7FC-4879-A77F-FDBB13ED3A17}.Debug|Any CPU.Build.0 = Debug|Any CPU
		{2BF51E00-A7FC-4879-A77F-FDBB13ED3A17}.Release|Any CPU.ActiveCfg = Release|Any CPU
		{2BF51E00-A7FC-4879-A77F-FDBB13ED3A17}.Release|Any CPU.Build.0 = Release|Any CPU
		{6BF36DA7-3608-41F1-A65E-8187DE3B4F04}.Debug|Any CPU.ActiveCfg = Debug|Any CPU
		{6BF36DA7-3608-41F1-A65E-8187DE3B4F04}.Debug|Any CPU.Build.0 = Debug|Any CPU
		{6BF36DA7-3608-41F1-A65E-8187DE3B4F04}.Release|Any CPU.ActiveCfg = Release|Any CPU
		{6BF36DA7-3608-41F1-A65E-8187DE3B4F04}.Release|Any CPU.Build.0 = Release|Any CPU
	EndGlobalSection
	GlobalSection(SolutionProperties) = preSolution
		HideSolutionNode = FALSE
	EndGlobalSection
EndGlobal
